
Microsoft Visual Studio Solution File, Format Version 12.00
# Visual Studio Version 16
VisualStudioVersion = 16.0.32407.337
MinimumVisualStudioVersion = 10.0.40219.1
Project("{FAE04EC0-301F-11D3-BF4B-00C04F79EFBC}") = "ipt101-gallery-project", "ipt101-gallery-project.csproj", "{B4DA9CF3-1A1C-4166-8899-D2DE07DA7134}"
EndProject
Global
	GlobalSection(SolutionConfigurationPlatforms) = preSolution
		Debug|Any CPU = Debug|Any CPU
		Release|Any CPU = Release|Any CPU
	EndGlobalSection
	GlobalSection(ProjectConfigurationPlatforms) = postSolution
		{B4DA9CF3-1A1C-4166-8899-D2DE07DA7134}.Debug|Any CPU.ActiveCfg = Debug|Any CPU
		{B4DA9CF3-1A1C-4166-8899-D2DE07DA7134}.Debug|Any CPU.Build.0 = Debug|Any CPU
		{B4DA9CF3-1A1C-4166-8899-D2DE07DA7134}.Release|Any CPU.ActiveCfg = Release|Any CPU
		{B4DA9CF3-1A1C-4166-8899-D2DE07DA7134}.Release|Any CPU.Build.0 = Release|Any CPU
	EndGlobalSection
	GlobalSection(SolutionProperties) = preSolution
		HideSolutionNode = FALSE
	EndGlobalSection
	GlobalSection(ExtensibilityGlobals) = postSolution
		SolutionGuid = {B1A2B4D8-3E54-4538-A087-37E113FD0B7B}
	EndGlobalSection
EndGlobal
